Microsoft Visual Studio Solution File, Format Version 11.00
# Visual Studio 2008

Project("{D78861D1-F354-8AF9-D911-10827440B7A6}") = "Bad Judgement", "Assembly-CSharp.csproj", "{8829A231-7C56-FB90-419C-F52C90A2D9B6}"
EndProject
Global
	GlobalSection(SolutionConfigurationPlatforms) = preSolution
		Debug|Any CPU = Debug|Any CPU
		Release|Any CPU = Release|Any CPU
	EndGlobalSection
	GlobalSection(ProjectConfigurationPlatforms) = postSolution
		{8829A231-7C56-FB90-419C-F52C90A2D9B6}.Debug|Any CPU.ActiveCfg = Debug|Any CPU
		{8829A231-7C56-FB90-419C-F52C90A2D9B6}.Debug|Any CPU.Build.0 = Debug|Any CPU
		{8829A231-7C56-FB90-419C-F52C90A2D9B6}.Release|Any CPU.ActiveCfg = Release|Any CPU
		{8829A231-7C56-FB90-419C-F52C90A2D9B6}.Release|Any CPU.Build.0 = Release|Any CPU
	EndGlobalSection
	GlobalSection(SolutionProperties) = preSolution
		HideSolutionNode = FALSE
	EndGlobalSection
	GlobalSection(MonoDevelopProperties) = preSolution
		StartupItem = Assembly-CSharp.csproj
	EndGlobalSection
EndGlobal
